// !$*UTF8*$!
{
	archiveVersion = 1;
	classes = {
	};
	objectVersion = 56;
	objects = {

/* Begin PBXBuildFile section */
		AEF8FBD42A555B6200AC87B1 /* CurrencyConversionApp.swift in Sources */ = {isa = PBXBuildFile; fileRef = AEF8FBD32A555B6200AC87B1 /* CurrencyConversionApp.swift */; };
		AEF8FBD62A555B6200AC87B1 /* ContentView.swift in Sources */ = {isa = PBXBuildFile; fileRef = AEF8FBD52A555B6200AC87B1 /* ContentView.swift */; };
		AEF8FBD82A555B6300AC87B1 /* Assets.xcassets in Resources */ = {isa = PBXBuildFile; fileRef = AEF8FBD72A555B6300AC87B1 /* Assets.xcassets */; };
		AEF8FBDC2A555B6300AC87B1 /* Preview Assets.xcassets in Resources */ = {isa = PBXBuildFile; fileRef = AEF8FBDB2A555B6300AC87B1 /* Preview Assets.xcassets */; };
		AEF8FBE62A555B6300AC87B1 /* CurrencyConversionTests.swift in Sources */ = {isa = PBXBuildFile; fileRef = AEF8FBE52A555B6300AC87B1 /* CurrencyConversionTests.swift */; };
		AEF8FBF02A555B6300AC87B1 /* CurrencyConversionUITests.swift in Sources */ = {isa = PBXBuildFile; fileRef = AEF8FBEF2A555B6300AC87B1 /* CurrencyConversionUITests.swift */; };
		AEF8FBF22A555B6300AC87B1 /* CurrencyConversionUITestsLaunchTests.swift in Sources */ = {isa = PBXBuildFile; fileRef = AEF8FBF12A555B6300AC87B1 /* CurrencyConversionUITestsLaunchTests.swift */; };
		AEF8FC022A555D9700AC87B1 /* TextFieldView.swift in Sources */ = {isa = PBXBuildFile; fileRef = AEF8FC012A555D9700AC87B1 /* TextFieldView.swift */; };
		AEF8FC042A555EA800AC87B1 /* DropdownButton.swift in Sources */ = {isa = PBXBuildFile; fileRef = AEF8FC032A555EA800AC87B1 /* DropdownButton.swift */; };
		AEF8FC062A555EB300AC87B1 /* DropdownView.swift in Sources */ = {isa = PBXBuildFile; fileRef = AEF8FC052A555EB300AC87B1 /* DropdownView.swift */; };
		AEF8FC082A555FBC00AC87B1 /* CurrencyButtonsView.swift in Sources */ = {isa = PBXBuildFile; fileRef = AEF8FC072A555FBC00AC87B1 /* CurrencyButtonsView.swift */; };
		AEF8FC0A2A555FE600AC87B1 /* CurrencyButton.swift in Sources */ = {isa = PBXBuildFile; fileRef = AEF8FC092A555FE600AC87B1 /* CurrencyButton.swift */; };
		AEF8FC0E2A572DA600AC87B1 /* CurrencyDataViewModel.swift in Sources */ = {isa = PBXBuildFile; fileRef = AEF8FC0D2A572DA600AC87B1 /* CurrencyDataViewModel.swift */; };
		AEF8FC112A572DCC00AC87B1 /* Constants.swift in Sources */ = {isa = PBXBuildFile; fileRef = AEF8FC102A572DCC00AC87B1 /* Constants.swift */; };
		AEF8FC132A5854CF00AC87B1 /* LatestModel.swift in Sources */ = {isa = PBXBuildFile; fileRef = AEF8FC122A5854CF00AC87B1 /* LatestModel.swift */; };
		AEF8FC152A592A3B00AC87B1 /* APIModel.swift in Sources */ = {isa = PBXBuildFile; fileRef = AEF8FC142A592A3B00AC87B1 /* APIModel.swift */; };
		AEF8FC172A59881A00AC87B1 /* ConversionViewModel.swift in Sources */ = {isa = PBXBuildFile; fileRef = AEF8FC162A59881A00AC87B1 /* ConversionViewModel.swift */; };
/* End PBXBuildFile section */

/* Begin PBXContainerItemProxy section */
		AEF8FBE22A555B6300AC87B1 /* PBXContainerItemProxy */ = {
			isa = PBXContainerItemProxy;
			containerPortal = AEF8FBC82A555B6200AC87B1 /* Project object */;
			proxyType = 1;
			remoteGlobalIDString = AEF8FBCF2A555B6200AC87B1;
			remoteInfo = CurrencyConversion;
		};
		AEF8FBEC2A555B6300AC87B1 /* PBXContainerItemProxy */ = {
			isa = PBXContainerItemProxy;
			containerPortal = AEF8FBC82A555B6200AC87B1 /* Project object */;
			proxyType = 1;
			remoteGlobalIDString = AEF8FBCF2A555B6200AC87B1;
			remoteInfo = CurrencyConversion;
		};
/* End PBXContainerItemProxy section */

/* Begin PBXFileReference section */
		AEF8FBD02A555B6200AC87B1 /* CurrencyConversion.app */ = {isa = PBXFileReference; explicitFileType = wrapper.application; includeInIndex = 0; path = CurrencyConversion.app; sourceTree = BUILT_PRODUCTS_DIR; };
		AEF8FBD32A555B6200AC87B1 /* CurrencyConversionApp.swift */ = {isa = PBXFileReference; lastKnownFileType = sourcecode.swift; path = CurrencyConversionApp.swift; sourceTree = "<group>"; };
		AEF8FBD52A555B6200AC87B1 /* ContentView.swift */ = {isa = PBXFileReference; lastKnownFileType = sourcecode.swift; path = ContentView.swift; sourceTree = "<group>"; };
		AEF8FBD72A555B6300AC87B1 /* Assets.xcassets */ = {isa = PBXFileReference; lastKnownFileType = folder.assetcatalog; path = Assets.xcassets; sourceTree = "<group>"; };
		AEF8FBD92A555B6300AC87B1 /* CurrencyConversion.entitlements */ = {isa = PBXFileReference; lastKnownFileType = text.plist.entitlements; path = CurrencyConversion.entitlements; sourceTree = "<group>"; };
		AEF8FBDB2A555B6300AC87B1 /* Preview Assets.xcassets */ = {isa = PBXFileReference; lastKnownFileType = folder.assetcatalog; path = "Preview Assets.xcassets"; sourceTree = "<group>"; };
		AEF8FBE12A555B6300AC87B1 /* CurrencyConversionTests.xctest */ = {isa = PBXFileReference; explicitFileType = wrapper.cfbundle; includeInIndex = 0; path = CurrencyConversionTests.xctest; sourceTree = BUILT_PRODUCTS_DIR; };
		AEF8FBE52A555B6300AC87B1 /* CurrencyConversionTests.swift */ = {isa = PBXFileReference; lastKnownFileType = sourcecode.swift; path = CurrencyConversionTests.swift; sourceTree = "<group>"; };
		AEF8FBEB2A555B6300AC87B1 /* CurrencyConversionUITests.xctest */ = {isa = PBXFileReference; explicitFileType = wrapper.cfbundle; includeInIndex = 0; path = CurrencyConversionUITests.xctest; sourceTree = BUILT_PRODUCTS_DIR; };
		AEF8FBEF2A555B6300AC87B1 /* CurrencyConversionUITests.swift */ = {isa = PBXFileReference; lastKnownFileType = sourcecode.swift; path = CurrencyConversionUITests.swift; sourceTree = "<group>"; };
		AEF8FBF12A555B6300AC87B1 /* CurrencyConversionUITestsLaunchTests.swift */ = {isa = PBXFileReference; lastKnownFileType = sourcecode.swift; path = CurrencyConversionUITestsLaunchTests.swift; sourceTree = "<group>"; };
		AEF8FC012A555D9700AC87B1 /* TextFieldView.swift */ = {isa = PBXFileReference; lastKnownFileType = sourcecode.swift; path = TextFieldView.swift; sourceTree = "<group>"; };
		AEF8FC032A555EA800AC87B1 /* DropdownButton.swift */ = {isa = PBXFileReference; lastKnownFileType = sourcecode.swift; path = DropdownButton.swift; sourceTree = "<group>"; };
		AEF8FC052A555EB300AC87B1 /* DropdownView.swift */ = {isa = PBXFileReference; lastKnownFileType = sourcecode.swift; path = DropdownView.swift; sourceTree = "<group>"; };
		AEF8FC072A555FBC00AC87B1 /* CurrencyButtonsView.swift */ = {isa = PBXFileReference; lastKnownFileType = sourcecode.swift; path = CurrencyButtonsView.swift; sourceTree = "<group>"; };
		AEF8FC092A555FE600AC87B1 /* CurrencyButton.swift */ = {isa = PBXFileReference; lastKnownFileType = sourcecode.swift; path = CurrencyButton.swift; sourceTree = "<group>"; };
		AEF8FC0D2A572DA600AC87B1 /* CurrencyDataViewModel.swift */ = {isa = PBXFileReference; lastKnownFileType = sourcecode.swift; path = CurrencyDataViewModel.swift; sourceTree = "<group>"; };
		AEF8FC102A572DCC00AC87B1 /* Constants.swift */ = {isa = PBXFileReference; lastKnownFileType = sourcecode.swift; path = Constants.swift; sourceTree = "<group>"; };
		AEF8FC122A5854CF00AC87B1 /* LatestModel.swift */ = {isa = PBXFileReference; lastKnownFileType = sourcecode.swift; path = LatestModel.swift; sourceTree = "<group>"; };
		AEF8FC142A592A3B00AC87B1 /* APIModel.swift */ = {isa = PBXFileReference; lastKnownFileType = sourcecode.swift; path = APIModel.swift; sourceTree = "<group>"; };
		AEF8FC162A59881A00AC87B1 /* ConversionViewModel.swift */ = {isa = PBXFileReference; lastKnownFileType = sourcecode.swift; path = ConversionViewModel.swift; sourceTree = "<group>"; };
/* End PBXFileReference section */

/* Begin PBXFrameworksBuildPhase section */
		AEF8FBCD2A555B6200AC87B1 /* Frameworks */ = {
			isa = PBXFrameworksBuildPhase;
			buildActionMask = 2147483647;
			files = (
			);
			runOnlyForDeploymentPostprocessing = 0;
		};
		AEF8FBDE2A555B6300AC87B1 /* Frameworks */ = {
			isa = PBXFrameworksBuildPhase;
			buildActionMask = 2147483647;
			files = (
			);
			runOnlyForDeploymentPostprocessing = 0;
		};
		AEF8FBE82A555B6300AC87B1 /* Frameworks */ = {
			isa = PBXFrameworksBuildPhase;
			buildActionMask = 2147483647;
			files = (
			);
			runOnlyForDeploymentPostprocessing = 0;
		};
/* End PBXFrameworksBuildPhase section */

/* Begin PBXGroup section */
		AEF8FBC72A555B6200AC87B1 = {
			isa = PBXGroup;
			children = (
				AEF8FBD22A555B6200AC87B1 /* CurrencyConversion */,
				AEF8FBE42A555B6300AC87B1 /* CurrencyConversionTests */,
				AEF8FBEE2A555B6300AC87B1 /* CurrencyConversionUITests */,
				AEF8FBD12A555B6200AC87B1 /* Products */,
			);
			sourceTree = "<group>";
		};
		AEF8FBD12A555B6200AC87B1 /* Products */ = {
			isa = PBXGroup;
			children = (
				AEF8FBD02A555B6200AC87B1 /* CurrencyConversion.app */,
				AEF8FBE12A555B6300AC87B1 /* CurrencyConversionTests.xctest */,
				AEF8FBEB2A555B6300AC87B1 /* CurrencyConversionUITests.xctest */,
			);
			name = Products;
			sourceTree = "<group>";
		};
		AEF8FBD22A555B6200AC87B1 /* CurrencyConversion */ = {
			isa = PBXGroup;
			children = (
				AEF8FBD32A555B6200AC87B1 /* CurrencyConversionApp.swift */,
				AEF8FBD52A555B6200AC87B1 /* ContentView.swift */,
				AEF8FC0F2A572DB600AC87B1 /* Utilities */,
				AEF8FBFF2A555D6F00AC87B1 /* Model */,
				AEF8FBFE2A555D6200AC87B1 /* Views */,
				AEF8FC002A555D7700AC87B1 /* ViewModel */,
				AEF8FBD72A555B6300AC87B1 /* Assets.xcassets */,
				AEF8FBD92A555B6300AC87B1 /* CurrencyConversion.entitlements */,
				AEF8FBDA2A555B6300AC87B1 /* Preview Content */,
			);
			path = CurrencyConversion;
			sourceTree = "<group>";
		};
		AEF8FBDA2A555B6300AC87B1 /* Preview Content */ = {
			isa = PBXGroup;
			children = (
				AEF8FBDB2A555B6300AC87B1 /* Preview Assets.xcassets */,
			);
			path = "Preview Content";
			sourceTree = "<group>";
		};
		AEF8FBE42A555B6300AC87B1 /* CurrencyConversionTests */ = {
			isa = PBXGroup;
			children = (
				AEF8FBE52A555B6300AC87B1 /* CurrencyConversionTests.swift */,
			);
			path = CurrencyConversionTests;
			sourceTree = "<group>";
		};
		AEF8FBEE2A555B6300AC87B1 /* CurrencyConversionUITests */ = {
			isa = PBXGroup;
			children = (
				AEF8FBEF2A555B6300AC87B1 /* CurrencyConversionUITests.swift */,
				AEF8FBF12A555B6300AC87B1 /* CurrencyConversionUITestsLaunchTests.swift */,
			);
			path = CurrencyConversionUITests;
			sourceTree = "<group>";
		};
		AEF8FBFE2A555D6200AC87B1 /* Views */ = {
			isa = PBXGroup;
			children = (
				AEF8FC012A555D9700AC87B1 /* TextFieldView.swift */,
				AEF8FC072A555FBC00AC87B1 /* CurrencyButtonsView.swift */,
				AEF8FC092A555FE600AC87B1 /* CurrencyButton.swift */,
				AEF8FC032A555EA800AC87B1 /* DropdownButton.swift */,
				AEF8FC052A555EB300AC87B1 /* DropdownView.swift */,
			);
			path = Views;
			sourceTree = "<group>";
		};
		AEF8FBFF2A555D6F00AC87B1 /* Model */ = {
			isa = PBXGroup;
			children = (
				AEF8FC122A5854CF00AC87B1 /* LatestModel.swift */,
			);
			path = Model;
			sourceTree = "<group>";
		};
		AEF8FC002A555D7700AC87B1 /* ViewModel */ = {
			isa = PBXGroup;
			children = (
				AEF8FC0D2A572DA600AC87B1 /* CurrencyDataViewModel.swift */,
				AEF8FC162A59881A00AC87B1 /* ConversionViewModel.swift */,
			);
			path = ViewModel;
			sourceTree = "<group>";
		};
		AEF8FC0F2A572DB600AC87B1 /* Utilities */ = {
			isa = PBXGroup;
			children = (
				AEF8FC102A572DCC00AC87B1 /* Constants.swift */,
				AEF8FC142A592A3B00AC87B1 /* APIModel.swift */,
			);
			path = Utilities;
			sourceTree = "<group>";
		};
/* End PBXGroup section */

/* Begin PBXNativeTarget section */
		AEF8FBCF2A555B6200AC87B1 /* CurrencyConversion */ = {
			isa = PBXNativeTarget;
			buildConfigurationList = AEF8FBF52A555B6300AC87B1 /* Build configuration list for PBXNativeTarget "CurrencyConversion" */;
			buildPhases = (
				AEF8FBCC2A555B6200AC87B1 /* Sources */,
				AEF8FBCD2A555B6200AC87B1 /* Frameworks */,
				AEF8FBCE2A555B6200AC87B1 /* Resources */,
			);
			buildRules = (
			);
			dependencies = (
			);
			name = CurrencyConversion;
			productName = CurrencyConversion;
			productReference = AEF8FBD02A555B6200AC87B1 /* CurrencyConversion.app */;
			productType = "com.apple.product-type.application";
		};
		AEF8FBE02A555B6300AC87B1 /* CurrencyConversionTests */ = {
			isa = PBXNativeTarget;
			buildConfigurationList = AEF8FBF82A555B6300AC87B1 /* Build configuration list for PBXNativeTarget "CurrencyConversionTests" */;
			buildPhases = (
				AEF8FBDD2A555B6300AC87B1 /* Sources */,
				AEF8FBDE2A555B6300AC87B1 /* Frameworks */,
				AEF8FBDF2A555B6300AC87B1 /* Resources */,
			);
			buildRules = (
			);
			dependencies = (
				AEF8FBE32A555B6300AC87B1 /* PBXTargetDependency */,
			);
			name = CurrencyConversionTests;
			productName = CurrencyConversionTests;
			productReference = AEF8FBE12A555B6300AC87B1 /* CurrencyConversionTests.xctest */;
			productType = "com.apple.product-type.bundle.unit-test";
		};
		AEF8FBEA2A555B6300AC87B1 /* CurrencyConversionUITests */ = {
			isa = PBXNativeTarget;
			buildConfigurationList = AEF8FBFB2A555B6300AC87B1 /* Build configuration list for PBXNativeTarget "CurrencyConversionUITests" */;
			buildPhases = (
				AEF8FBE72A555B6300AC87B1 /* Sources */,
				AEF8FBE82A555B6300AC87B1 /* Frameworks */,
				AEF8FBE92A555B6300AC87B1 /* Resources */,
			);
			buildRules = (
			);
			dependencies = (
				AEF8FBED2A555B6300AC87B1 /* PBXTargetDependency */,
			);
			name = CurrencyConversionUITests;
			productName = CurrencyConversionUITests;
			productReference = AEF8FBEB2A555B6300AC87B1 /* CurrencyConversionUITests.xctest */;
			productType = "com.apple.product-type.bundle.ui-testing";
		};
/* End PBXNativeTarget section */

/* Begin PBXProject section */
		AEF8FBC82A555B6200AC87B1 /* Project object */ = {
			isa = PBXProject;
			attributes = {
				BuildIndependentTargetsInParallel = 1;
				LastSwiftUpdateCheck = 1430;
				LastUpgradeCheck = 1430;
				TargetAttributes = {
					AEF8FBCF2A555B6200AC87B1 = {
						CreatedOnToolsVersion = 14.3.1;
					};
					AEF8FBE02A555B6300AC87B1 = {
						CreatedOnToolsVersion = 14.3.1;
						TestTargetID = AEF8FBCF2A555B6200AC87B1;
					};
					AEF8FBEA2A555B6300AC87B1 = {
						CreatedOnToolsVersion = 14.3.1;
						TestTargetID = AEF8FBCF2A555B6200AC87B1;
					};
				};
			};
			buildConfigurationList = AEF8FBCB2A555B6200AC87B1 /* Build configuration list for PBXProject "CurrencyConversion" */;
			compatibilityVersion = "Xcode 14.0";
			developmentRegion = en;
			hasScannedForEncodings = 0;
			knownRegions = (
				en,
				Base,
			);
			mainGroup = AEF8FBC72A555B6200AC87B1;
			productRefGroup = AEF8FBD12A555B6200AC87B1 /* Products */;
			projectDirPath = "";
			projectRoot = "";
			targets = (
				AEF8FBCF2A555B6200AC87B1 /* CurrencyConversion */,
				AEF8FBE02A555B6300AC87B1 /* CurrencyConversionTests */,
				AEF8FBEA2A555B6300AC87B1 /* CurrencyConversionUITests */,
			);
		};
/* End PBXProject section */

/* Begin PBXResourcesBuildPhase section */
		AEF8FBCE2A555B6200AC87B1 /* Resources */ = {
			isa = PBXResourcesBuildPhase;
			buildActionMask = 2147483647;
			files = (
				AEF8FBDC2A555B6300AC87B1 /* Preview Assets.xcassets in Resources */,
				AEF8FBD82A555B6300AC87B1 /* Assets.xcassets in Resources */,
			);
			runOnlyForDeploymentPostprocessing = 0;
		};
		AEF8FBDF2A555B6300AC87B1 /* Resources */ = {
			isa = PBXResourcesBuildPhase;
			buildActionMask = 2147483647;
			files = (
			);
			runOnlyForDeploymentPostprocessing = 0;
		};
		AEF8FBE92A555B6300AC87B1 /* Resources */ = {
			isa = PBXResourcesBuildPhase;
			buildActionMask = 2147483647;
			files = (
			);
			runOnlyForDeploymentPostprocessing = 0;
		};
/* End PBXResourcesBuildPhase section */

/* Begin PBXSourcesBuildPhase section */
		AEF8FBCC2A555B6200AC87B1 /* Sources */ = {
			isa = PBXSourcesBuildPhase;
			buildActionMask = 2147483647;
			files = (
				AEF8FC062A555EB300AC87B1 /* DropdownView.swift in Sources */,
				AEF8FC0A2A555FE600AC87B1 /* CurrencyButton.swift in Sources */,
				AEF8FC172A59881A00AC87B1 /* ConversionViewModel.swift in Sources */,
				AEF8FC042A555EA800AC87B1 /* DropdownButton.swift in Sources */,
				AEF8FC152A592A3B00AC87B1 /* APIModel.swift in Sources */,
				AEF8FBD62A555B6200AC87B1 /* ContentView.swift in Sources */,
				AEF8FC112A572DCC00AC87B1 /* Constants.swift in Sources */,
				AEF8FBD42A555B6200AC87B1 /* CurrencyConversionApp.swift in Sources */,
				AEF8FC0E2A572DA600AC87B1 /* CurrencyDataViewModel.swift in Sources */,
				AEF8FC132A5854CF00AC87B1 /* LatestModel.swift in Sources */,
				AEF8FC022A555D9700AC87B1 /* TextFieldView.swift in Sources */,
				AEF8FC082A555FBC00AC87B1 /* CurrencyButtonsView.swift in Sources */,
			);
			runOnlyForDeploymentPostprocessing = 0;
		};
		AEF8FBDD2A555B6300AC87B1 /* Sources */ = {
			isa = PBXSourcesBuildPhase;
			buildActionMask = 2147483647;
			files = (
				AEF8FBE62A555B6300AC87B1 /* CurrencyConversionTests.swift in Sources */,
			);
			runOnlyForDeploymentPostprocessing = 0;
		};
		AEF8FBE72A555B6300AC87B1 /* Sources */ = {
			isa = PBXSourcesBuildPhase;
			buildActionMask = 2147483647;
			files = (
				AEF8FBF02A555B6300AC87B1 /* CurrencyConversionUITests.swift in Sources */,
				AEF8FBF22A555B6300AC87B1 /* CurrencyConversionUITestsLaunchTests.swift in Sources */,
			);
			runOnlyForDeploymentPostprocessing = 0;
		};
/* End PBXSourcesBuildPhase section */

/* Begin PBXTargetDependency section */
		AEF8FBE32A555B6300AC87B1 /* PBXTargetDependency */ = {
			isa = PBXTargetDependency;
			target = AEF8FBCF2A555B6200AC87B1 /* CurrencyConversion */;
			targetProxy = AEF8FBE22A555B6300AC87B1 /* PBXContainerItemProxy */;
		};
		AEF8FBED2A555B6300AC87B1 /* PBXTargetDependency */ = {
			isa = PBXTargetDependency;
			target = AEF8FBCF2A555B6200AC87B1 /* CurrencyConversion */;
			targetProxy = AEF8FBEC2A555B6300AC87B1 /* PBXContainerItemProxy */;
		};
/* End PBXTargetDependency section */

/* Begin XCBuildConfiguration section */
		AEF8FBF32A555B6300AC87B1 /* Debug */ = {
			isa = XCBuildConfiguration;
			buildSettings = {
				ALWAYS_SEARCH_USER_PATHS = NO;
				CLANG_ANALYZER_NONNULL = YES;
				CLANG_ANALYZER_NUMBER_OBJECT_CONVERSION = YES_AGGRESSIVE;
				CLANG_CXX_LANGUAGE_STANDARD = "gnu++20";
				CLANG_ENABLE_MODULES = YES;
				CLANG_ENABLE_OBJC_ARC = YES;
				CLANG_ENABLE_OBJC_WEAK = YES;
				CLANG_WARN_BLOCK_CAPTURE_AUTORELEASING = YES;
				CLANG_WARN_BOOL_CONVERSION = YES;
				CLANG_WARN_COMMA = YES;
				CLANG_WARN_CONSTANT_CONVERSION = YES;
				CLANG_WARN_DEPRECATED_OBJC_IMPLEMENTATIONS = YES;
				CLANG_WARN_DIRECT_OBJC_ISA_USAGE = YES_ERROR;
				CLANG_WARN_DOCUMENTATION_COMMENTS = YES;
				CLANG_WARN_EMPTY_BODY = YES;
				CLANG_WARN_ENUM_CONVERSION = YES;
				CLANG_WARN_INFINITE_RECURSION = YES;
				CLANG_WARN_INT_CONVERSION = YES;
				CLANG_WARN_NON_LITERAL_NULL_CONVERSION = YES;
				CLANG_WARN_OBJC_IMPLICIT_RETAIN_SELF = YES;
				CLANG_WARN_OBJC_LITERAL_CONVERSION = YES;
				CLANG_WARN_OBJC_ROOT_CLASS = YES_ERROR;
				CLANG_WARN_QUOTED_INCLUDE_IN_FRAMEWORK_HEADER = YES;
				CLANG_WARN_RANGE_LOOP_ANALYSIS = YES;
				CLANG_WARN_STRICT_PROTOTYPES = YES;
				CLANG_WARN_SUSPICIOUS_MOVE = YES;
				CLANG_WARN_UNGUARDED_AVAILABILITY = YES_AGGRESSIVE;
				CLANG_WARN_UNREACHABLE_CODE = YES;
				CLANG_WARN__DUPLICATE_METHOD_MATCH = YES;
				COPY_PHASE_STRIP = NO;
				DEBUG_INFORMATION_FORMAT = dwarf;
				ENABLE_STRICT_OBJC_MSGSEND = YES;
				ENABLE_TESTABILITY = YES;
				GCC_C_LANGUAGE_STANDARD = gnu11;
				GCC_DYNAMIC_NO_PIC = NO;
				GCC_NO_COMMON_BLOCKS = YES;
				GCC_OPTIMIZATION_LEVEL = 0;
				GCC_PREPROCESSOR_DEFINITIONS = (
					"DEBUG=1",
					"$(inherited)",
				);
				GCC_WARN_64_TO_32_BIT_CONVERSION = YES;
				GCC_WARN_ABOUT_RETURN_TYPE = YES_ERROR;
				GCC_WARN_UNDECLARED_SELECTOR = YES;
				GCC_WARN_UNINITIALIZED_AUTOS = YES_AGGRESSIVE;
				GCC_WARN_UNUSED_FUNCTION = YES;
				GCC_WARN_UNUSED_VARIABLE = YES;
				MTL_ENABLE_DEBUG_INFO = INCLUDE_SOURCE;
				MTL_FAST_MATH = YES;
				ONLY_ACTIVE_ARCH = YES;
				SWIFT_ACTIVE_COMPILATION_CONDITIONS = DEBUG;
				SWIFT_OPTIMIZATION_LEVEL = "-Onone";
			};
			name = Debug;
		};
		AEF8FBF42A555B6300AC87B1 /* Release */ = {
			isa = XCBuildConfiguration;
			buildSettings = {
				ALWAYS_SEARCH_USER_PATHS = NO;
				CLANG_ANALYZER_NONNULL = YES;
				CLANG_ANALYZER_NUMBER_OBJECT_CONVERSION = YES_AGGRESSIVE;
				CLANG_CXX_LANGUAGE_STANDARD = "gnu++20";
				CLANG_ENABLE_MODULES = YES;
				CLANG_ENABLE_OBJC_ARC = YES;
				CLANG_ENABLE_OBJC_WEAK = YES;
				CLANG_WARN_BLOCK_CAPTURE_AUTORELEASING = YES;
				CLANG_WARN_BOOL_CONVERSION = YES;
				CLANG_WARN_COMMA = YES;
				CLANG_WARN_CONSTANT_CONVERSION = YES;
				CLANG_WARN_DEPRECATED_OBJC_IMPLEMENTATIONS = YES;
				CLANG_WARN_DIRECT_OBJC_ISA_USAGE = YES_ERROR;
				CLANG_WARN_DOCUMENTATION_COMMENTS = YES;
				CLANG_WARN_EMPTY_BODY = YES;
				CLANG_WARN_ENUM_CONVERSION = YES;
				CLANG_WARN_INFINITE_RECURSION = YES;
				CLANG_WARN_INT_CONVERSION = YES;
				CLANG_WARN_NON_LITERAL_NULL_CONVERSION = YES;
				CLANG_WARN_OBJC_IMPLICIT_RETAIN_SELF = YES;
				CLANG_WARN_OBJC_LITERAL_CONVERSION = YES;
				CLANG_WARN_OBJC_ROOT_CLASS = YES_ERROR;
				CLANG_WARN_QUOTED_INCLUDE_IN_FRAMEWORK_HEADER = YES;
				CLANG_WARN_RANGE_LOOP_ANALYSIS = YES;
				CLANG_WARN_STRICT_PROTOTYPES = YES;
				CLANG_WARN_SUSPICIOUS_MOVE = YES;
				CLANG_WARN_UNGUARDED_AVAILABILITY = YES_AGGRESSIVE;
				CLANG_WARN_UNREACHABLE_CODE = YES;
				CLANG_WARN__DUPLICATE_METHOD_MATCH = YES;
				COPY_PHASE_STRIP = NO;
				DEBUG_INFORMATION_FORMAT = "dwarf-with-dsym";
				ENABLE_NS_ASSERTIONS = NO;
				ENABLE_STRICT_OBJC_MSGSEND = YES;
				GCC_C_LANGUAGE_STANDARD = gnu11;
				GCC_NO_COMMON_BLOCKS = YES;
				GCC_WARN_64_TO_32_BIT_CONVERSION = YES;
				GCC_WARN_ABOUT_RETURN_TYPE = YES_ERROR;
				GCC_WARN_UNDECLARED_SELECTOR = YES;
				GCC_WARN_UNINITIALIZED_AUTOS = YES_AGGRESSIVE;
				GCC_WARN_UNUSED_FUNCTION = YES;
				GCC_WARN_UNUSED_VARIABLE = YES;
				MTL_ENABLE_DEBUG_INFO = NO;
				MTL_FAST_MATH = YES;
				SWIFT_COMPILATION_MODE = wholemodule;
				SWIFT_OPTIMIZATION_LEVEL = "-O";
			};
			name = Release;
		};
		AEF8FBF62A555B6300AC87B1 /* Debug */ = {
			isa = XCBuildConfiguration;
			buildSettings = {
				ASSETCATALOG_COMPILER_APPICON_NAME = AppIcon;
				ASSETCATALOG_COMPILER_GLOBAL_ACCENT_COLOR_NAME = AccentColor;
				CODE_SIGN_ENTITLEMENTS = CurrencyConversion/CurrencyConversion.entitlements;
				CODE_SIGN_STYLE = Automatic;
				CURRENT_PROJECT_VERSION = 1;
				DEVELOPMENT_ASSET_PATHS = "\"CurrencyConversion/Preview Content\"";
				DEVELOPMENT_TEAM = 7ZJD594878;
				ENABLE_HARDENED_RUNTIME = YES;
				ENABLE_PREVIEWS = YES;
				GENERATE_INFOPLIST_FILE = YES;
				"INFOPLIST_KEY_UIApplicationSceneManifest_Generation[sdk=iphoneos*]" = YES;
				"INFOPLIST_KEY_UIApplicationSceneManifest_Generation[sdk=iphonesimulator*]" = YES;
				"INFOPLIST_KEY_UIApplicationSupportsIndirectInputEvents[sdk=iphoneos*]" = YES;
				"INFOPLIST_KEY_UIApplicationSupportsIndirectInputEvents[sdk=iphonesimulator*]" = YES;
				"INFOPLIST_KEY_UILaunchScreen_Generation[sdk=iphoneos*]" = YES;
				"INFOPLIST_KEY_UILaunchScreen_Generation[sdk=iphonesimulator*]" = YES;
				"INFOPLIST_KEY_UIStatusBarStyle[sdk=iphoneos*]" = UIStatusBarStyleDefault;
				"INFOPLIST_KEY_UIStatusBarStyle[sdk=iphonesimulator*]" = UIStatusBarStyleDefault;
				INFOPLIST_KEY_UISupportedInterfaceOrientations_iPad = "UIInterfaceOrientationPortrait UIInterfaceOrientationPortraitUpsideDown UIInterfaceOrientationLandscapeLeft UIInterfaceOrientationLandscapeRight";
				INFOPLIST_KEY_UISupportedInterfaceOrientations_iPhone = "UIInterfaceOrientationPortrait UIInterfaceOrientationLandscapeLeft UIInterfaceOrientationLandscapeRight";
				IPHONEOS_DEPLOYMENT_TARGET = 15.0;
				LD_RUNPATH_SEARCH_PATHS = "@executable_path/Frameworks";
				"LD_RUNPATH_SEARCH_PATHS[sdk=macosx*]" = "@executable_path/../Frameworks";
				MACOSX_DEPLOYMENT_TARGET = 13.3;
				MARKETING_VERSION = 1.0;
				PRODUCT_BUNDLE_IDENTIFIER = com.CurrencyConversion;
				PRODUCT_NAME = "$(TARGET_NAME)";
				SDKROOT = auto;
				SUPPORTED_PLATFORMS = "iphoneos iphonesimulator macosx";
				SWIFT_EMIT_LOC_STRINGS = YES;
				SWIFT_VERSION = 5.0;
				TARGETED_DEVICE_FAMILY = "1,2";
			};
			name = Debug;
		};
		AEF8FBF72A555B6300AC87B1 /* Release */ = {
			isa = XCBuildConfiguration;
			buildSettings = {
				ASSETCATALOG_COMPILER_APPICON_NAME = AppIcon;
				ASSETCATALOG_COMPILER_GLOBAL_ACCENT_COLOR_NAME = AccentColor;
				CODE_SIGN_ENTITLEMENTS = CurrencyConversion/CurrencyConversion.entitlements;
				CODE_SIGN_STYLE = Automatic;
				CURRENT_PROJECT_VERSION = 1;
				DEVELOPMENT_ASSET_PATHS = "\"CurrencyConversion/Preview Content\"";
				DEVELOPMENT_TEAM = 7ZJD594878;
				ENABLE_HARDENED_RUNTIME = YES;
				ENABLE_PREVIEWS = YES;
				GENERATE_INFOPLIST_FILE = YES;
				"INFOPLIST_KEY_UIApplicationSceneManifest_Generation[sdk=iphoneos*]" = YES;
				"INFOPLIST_KEY_UIApplicationSceneManifest_Generation[sdk=iphonesimulator*]" = YES;
				"INFOPLIST_KEY_UIApplicationSupportsIndirectInputEvents[sdk=iphoneos*]" = YES;
				"INFOPLIST_KEY_UIApplicationSupportsIndirectInputEvents[sdk=iphonesimulator*]" = YES;
				"INFOPLIST_KEY_UILaunchScreen_Generation[sdk=iphoneos*]" = YES;
				"INFOPLIST_KEY_UILaunchScreen_Generation[sdk=iphonesimulator*]" = YES;
				"INFOPLIST_KEY_UIStatusBarStyle[sdk=iphoneos*]" = UIStatusBarStyleDefault;
				"INFOPLIST_KEY_UIStatusBarStyle[sdk=iphonesimulator*]" = UIStatusBarStyleDefault;
				INFOPLIST_KEY_UISupportedInterfaceOrientations_iPad = "UIInterfaceOrientationPortrait UIInterfaceOrientationPortraitUpsideDown UIInterfaceOrientationLandscapeLeft UIInterfaceOrientationLandscapeRight";
				INFOPLIST_KEY_UISupportedInterfaceOrientations_iPhone = "UIInterfaceOrientationPortrait UIInterfaceOrientationLandscapeLeft UIInterfaceOrientationLandscapeRight";
				IPHONEOS_DEPLOYMENT_TARGET = 15.0;
				LD_RUNPATH_SEARCH_PATHS = "@executable_path/Frameworks";
				"LD_RUNPATH_SEARCH_PATHS[sdk=macosx*]" = "@executable_path/../Frameworks";
				MACOSX_DEPLOYMENT_TARGET = 13.3;
				MARKETING_VERSION = 1.0;
				PRODUCT_BUNDLE_IDENTIFIER = com.CurrencyConversion;
				PRODUCT_NAME = "$(TARGET_NAME)";
				SDKROOT = auto;
				SUPPORTED_PLATFORMS = "iphoneos iphonesimulator macosx";
				SWIFT_EMIT_LOC_STRINGS = YES;
				SWIFT_VERSION = 5.0;
				TARGETED_DEVICE_FAMILY = "1,2";
			};
			name = Release;
		};
		AEF8FBF92A555B6300AC87B1 /* Debug */ = {
			isa = XCBuildConfiguration;
			buildSettings = {
				ALWAYS_EMBED_SWIFT_STANDARD_LIBRARIES = YES;
				BUNDLE_LOADER = "$(TEST_HOST)";
				CODE_SIGN_STYLE = Automatic;
				CURRENT_PROJECT_VERSION = 1;
				DEVELOPMENT_TEAM = 7ZJD594878;
				GENERATE_INFOPLIST_FILE = YES;
				IPHONEOS_DEPLOYMENT_TARGET = 16.4;
				MACOSX_DEPLOYMENT_TARGET = 13.3;
				MARKETING_VERSION = 1.0;
				PRODUCT_BUNDLE_IDENTIFIER = com.CurrencyConversionTests;
				PRODUCT_NAME = "$(TARGET_NAME)";
				SDKROOT = auto;
				SUPPORTED_PLATFORMS = "iphoneos iphonesimulator macosx";
				SWIFT_EMIT_LOC_STRINGS = NO;
				SWIFT_VERSION = 5.0;
				TARGETED_DEVICE_FAMILY = "1,2";
				TEST_HOST = "$(BUILT_PRODUCTS_DIR)/CurrencyConversion.app/$(BUNDLE_EXECUTABLE_FOLDER_PATH)/CurrencyConversion";
			};
			name = Debug;
		};
		AEF8FBFA2A555B6300AC87B1 /* Release */ = {
			isa = XCBuildConfiguration;
			buildSettings = {
				ALWAYS_EMBED_SWIFT_STANDARD_LIBRARIES = YES;
				BUNDLE_LOADER = "$(TEST_HOST)";
				CODE_SIGN_STYLE = Automatic;
				CURRENT_PROJECT_VERSION = 1;
				DEVELOPMENT_TEAM = 7ZJD594878;
				GENERATE_INFOPLIST_FILE = YES;
				IPHONEOS_DEPLOYMENT_TARGET = 16.4;
				MACOSX_DEPLOYMENT_TARGET = 13.3;
				MARKETING_VERSION = 1.0;
				PRODUCT_BUNDLE_IDENTIFIER = com.CurrencyConversionTests;
				PRODUCT_NAME = "$(TARGET_NAME)";
				SDKROOT = auto;
				SUPPORTED_PLATFORMS = "iphoneos iphonesimulator macosx";
				SWIFT_EMIT_LOC_STRINGS = NO;
				SWIFT_VERSION = 5.0;
				TARGETED_DEVICE_FAMILY = "1,2";
				TEST_HOST = "$(BUILT_PRODUCTS_DIR)/CurrencyConversion.app/$(BUNDLE_EXECUTABLE_FOLDER_PATH)/CurrencyConversion";
			};
			name = Release;
		};
		AEF8FBFC2A555B6300AC87B1 /* Debug */ = {
			isa = XCBuildConfiguration;
			buildSettings = {
				ALWAYS_EMBED_SWIFT_STANDARD_LIBRARIES = YES;
				CODE_SIGN_STYLE = Automatic;
				CURRENT_PROJECT_VERSION = 1;
				DEVELOPMENT_TEAM = 7ZJD594878;
				GENERATE_INFOPLIST_FILE = YES;
				IPHONEOS_DEPLOYMENT_TARGET = 16.4;
				MACOSX_DEPLOYMENT_TARGET = 13.3;
				MARKETING_VERSION = 1.0;
				PRODUCT_BUNDLE_IDENTIFIER = com.CurrencyConversionUITests;
				PRODUCT_NAME = "$(TARGET_NAME)";
				SDKROOT = auto;
				SUPPORTED_PLATFORMS = "iphoneos iphonesimulator macosx";
				SWIFT_EMIT_LOC_STRINGS = NO;
				SWIFT_VERSION = 5.0;
				TARGETED_DEVICE_FAMILY = "1,2";
				TEST_TARGET_NAME = CurrencyConversion;
			};
			name = Debug;
		};
		AEF8FBFD2A555B6300AC87B1 /* Release */ = {
			isa = XCBuildConfiguration;
			buildSettings = {
				ALWAYS_EMBED_SWIFT_STANDARD_LIBRARIES = YES;
				CODE_SIGN_STYLE = Automatic;
				CURRENT_PROJECT_VERSION = 1;
				DEVELOPMENT_TEAM = 7ZJD594878;
				GENERATE_INFOPLIST_FILE = YES;
				IPHONEOS_DEPLOYMENT_TARGET = 16.4;
				MACOSX_DEPLOYMENT_TARGET = 13.3;
				MARKETING_VERSION = 1.0;
				PRODUCT_BUNDLE_IDENTIFIER = com.CurrencyConversionUITests;
				PRODUCT_NAME = "$(TARGET_NAME)";
				SDKROOT = auto;
				SUPPORTED_PLATFORMS = "iphoneos iphonesimulator macosx";
				SWIFT_EMIT_LOC_STRINGS = NO;
				SWIFT_VERSION = 5.0;
				TARGETED_DEVICE_FAMILY = "1,2";
				TEST_TARGET_NAME = CurrencyConversion;
			};
			name = Release;
		};
/* End XCBuildConfiguration section */

/* Begin XCConfigurationList section */
		AEF8FBCB2A555B6200AC87B1 /* Build configuration list for PBXProject "CurrencyConversion" */ = {
			isa = XCConfigurationList;
			buildConfigurations = (
				AEF8FBF32A555B6300AC87B1 /* Debug */,
				AEF8FBF42A555B6300AC87B1 /* Release */,
			);
			defaultConfigurationIsVisible = 0;
			defaultConfigurationName = Release;
		};
		AEF8FBF52A555B6300AC87B1 /* Build configuration list for PBXNativeTarget "CurrencyConversion" */ = {
			isa = XCConfigurationList;
			buildConfigurations = (
				AEF8FBF62A555B6300AC87B1 /* Debug */,
				AEF8FBF72A555B6300AC87B1 /* Release */,
			);
			defaultConfigurationIsVisible = 0;
			defaultConfigurationName = Release;
		};
		AEF8FBF82A555B6300AC87B1 /* Build configuration list for PBXNativeTarget "CurrencyConversionTests" */ = {
			isa = XCConfigurationList;
			buildConfigurations = (
				AEF8FBF92A555B6300AC87B1 /* Debug */,
				AEF8FBFA2A555B6300AC87B1 /* Release */,
			);
			defaultConfigurationIsVisible = 0;
			defaultConfigurationName = Release;
		};
		AEF8FBFB2A555B6300AC87B1 /* Build configuration list for PBXNativeTarget "CurrencyConversionUITests" */ = {
			isa = XCConfigurationList;
			buildConfigurations = (
				AEF8FBFC2A555B6300AC87B1 /* Debug */,
				AEF8FBFD2A555B6300AC87B1 /* Release */,
			);
			defaultConfigurationIsVisible = 0;
			defaultConfigurationName = Release;
		};
/* End XCConfigurationList section */
	};
	rootObject = AEF8FBC82A555B6200AC87B1 /* Project object */;
}
